// !$*UTF8*$!
{
	archiveVersion = 1;
	classes = {
	};
	objectVersion = 56;
	objects = {

/* Begin PBXBuildFile section */
		DCB241FC2E4B76D2002E8BFE /* AppDelegate.swift in Sources */ = {isa = PBXBuildFile; fileRef = DCB241FB2E4B76D2002E8BFE /* AppDelegate.swift */; };
		DCB241FE2E4B76D2002E8BFE /* SceneDelegate.swift in Sources */ = {isa = PBXBuildFile; fileRef = DCB241FD2E4B76D2002E8BFE /* SceneDelegate.swift */; };
		DCB242002E4B76D2002E8BFE /* ViewController.swift in Sources */ = {isa = PBXBuildFile; fileRef = DCB241FF2E4B76D2002E8BFE /* ViewController.swift */; };
		DCB242032E4B76D2002E8BFE /* Main.storyboard in Resources */ = {isa = PBXBuildFile; fileRef = DCB242012E4B76D2002E8BFE /* Main.storyboard */; };
		DCB242052E4B76D4002E8BFE /* Assets.xcassets in Resources */ = {isa = PBXBuildFile; fileRef = DCB242042E4B76D4002E8BFE /* Assets.xcassets */; };
		DCB242082E4B76D4002E8BFE /* LaunchScreen.storyboard in Resources */ = {isa = PBXBuildFile; fileRef = DCB242062E4B76D4002E8BFE /* LaunchScreen.storyboard */; };
		DCB242122E4B7B34002E8BFE /* HeartFillViewController.swift in Sources */ = {isa = PBXBuildFile; fileRef = DCB242112E4B7B34002E8BFE /* HeartFillViewController.swift */; };
/* End PBXBuildFile section */

/* Begin PBXFileReference section */
		DCB241F82E4B76D2002E8BFE /* tiktok_3A.app */ = {isa = PBXFileReference; explicitFileType = wrapper.application; includeInIndex = 0; path = tiktok_3A.app; sourceTree = BUILT_PRODUCTS_DIR; };
		DCB241FB2E4B76D2002E8BFE /* AppDelegate.swift */ = {isa = PBXFileReference; lastKnownFileType = sourcecode.swift; path = AppDelegate.swift; sourceTree = "<group>"; };
		DCB241FD2E4B76D2002E8BFE /* SceneDelegate.swift */ = {isa = PBXFileReference; lastKnownFileType = sourcecode.swift; path = SceneDelegate.swift; sourceTree = "<group>"; };
		DCB241FF2E4B76D2002E8BFE /* ViewController.swift */ = {isa = PBXFileReference; lastKnownFileType = sourcecode.swift; path = ViewController.swift; sourceTree = "<group>"; };
		DCB242022E4B76D2002E8BFE /* Base */ = {isa = PBXFileReference; lastKnownFileType = file.storyboard; name = Base; path = Base.lproj/Main.storyboard; sourceTree = "<group>"; };
		DCB242042E4B76D4002E8BFE /* Assets.xcassets */ = {isa = PBXFileReference; lastKnownFileType = folder.assetcatalog; path = Assets.xcassets; sourceTree = "<group>"; };
		DCB242072E4B76D4002E8BFE /* Base */ = {isa = PBXFileReference; lastKnownFileType = file.storyboard; name = Base; path = Base.lproj/LaunchScreen.storyboard; sourceTree = "<group>"; };
		DCB242092E4B76D4002E8BFE /* Info.plist */ = {isa = PBXFileReference; lastKnownFileType = text.plist.xml; path = Info.plist; sourceTree = "<group>"; };
		DCB242112E4B7B34002E8BFE /* HeartFillViewController.swift */ = {isa = PBXFileReference; lastKnownFileType = sourcecode.swift; path = HeartFillViewController.swift; sourceTree = "<group>"; };
/* End PBXFileReference section */

/* Begin PBXFrameworksBuildPhase section */
		DCB241F52E4B76D2002E8BFE /* Frameworks */ = {
			isa = PBXFrameworksBuildPhase;
			buildActionMask = 2147483647;
			files = (
			);
			runOnlyForDeploymentPostprocessing = 0;
		};
/* End PBXFrameworksBuildPhase section */

/* Begin PBXGroup section */
		DCB241EF2E4B76D2002E8BFE = {
			isa = PBXGroup;
			children = (
				DCB241FA2E4B76D2002E8BFE /* tiktok_3A */,
				DCB241F92E4B76D2002E8BFE /* Products */,
			);
			sourceTree = "<group>";
		};
		DCB241F92E4B76D2002E8BFE /* Products */ = {
			isa = PBXGroup;
			children = (
				DCB241F82E4B76D2002E8BFE /* tiktok_3A.app */,
			);
			name = Products;
			sourceTree = "<group>";
		};
		DCB241FA2E4B76D2002E8BFE /* tiktok_3A */ = {
			isa = PBXGroup;
			children = (
				DCB241FB2E4B76D2002E8BFE /* AppDelegate.swift */,
				DCB241FD2E4B76D2002E8BFE /* SceneDelegate.swift */,
				DCB241FF2E4B76D2002E8BFE /* ViewController.swift */,
				DCB242012E4B76D2002E8BFE /* Main.storyboard */,
				DCB242042E4B76D4002E8BFE /* Assets.xcassets */,
				DCB242062E4B76D4002E8BFE /* LaunchScreen.storyboard */,
				DCB242092E4B76D4002E8BFE /* Info.plist */,
				DCB242112E4B7B34002E8BFE /* HeartFillViewController.swift */,
			);
			path = tiktok_3A;
			sourceTree = "<group>";
		};
/* End PBXGroup section */

/* Begin PBXNativeTarget section */
		DCB241F72E4B76D2002E8BFE /* tiktok_3A */ = {
			isa = PBXNativeTarget;
			buildConfigurationList = DCB2420C2E4B76D4002E8BFE /* Build configuration list for PBXNativeTarget "tiktok_3A" */;
			buildPhases = (
				DCB241F42E4B76D2002E8BFE /* Sources */,
				DCB241F52E4B76D2002E8BFE /* Frameworks */,
				DCB241F62E4B76D2002E8BFE /* Resources */,
			);
			buildRules = (
			);
			dependencies = (
			);
			name = tiktok_3A;
			productName = tiktok_3A;
			productReference = DCB241F82E4B76D2002E8BFE /* tiktok_3A.app */;
			productType = "com.apple.product-type.application";
		};
/* End PBXNativeTarget section */

/* Begin PBXProject section */
		DCB241F02E4B76D2002E8BFE /* Project object */ = {
			isa = PBXProject;
			attributes = {
				BuildIndependentTargetsInParallel = 1;
				LastSwiftUpdateCheck = 1420;
				LastUpgradeCheck = 1420;
				TargetAttributes = {
					DCB241F72E4B76D2002E8BFE = {
						CreatedOnToolsVersion = 14.2;
					};
				};
			};
			buildConfigurationList = DCB241F32E4B76D2002E8BFE /* Build configuration list for PBXProject "tiktok_3A" */;
			compatibilityVersion = "Xcode 14.0";
			developmentRegion = en;
			hasScannedForEncodings = 0;
			knownRegions = (
				en,
				Base,
			);
			mainGroup = DCB241EF2E4B76D2002E8BFE;
			productRefGroup = DCB241F92E4B76D2002E8BFE /* Products */;
			projectDirPath = "";
			projectRoot = "";
			targets = (
				DCB241F72E4B76D2002E8BFE /* tiktok_3A */,
			);
		};
/* End PBXProject section */

/* Begin PBXResourcesBuildPhase section */
		DCB241F62E4B76D2002E8BFE /* Resources */ = {
			isa = PBXResourcesBuildPhase;
			buildActionMask = 2147483647;
			files = (
				DCB242082E4B76D4002E8BFE /* LaunchScreen.storyboard in Resources */,
				DCB242052E4B76D4002E8BFE /* Assets.xcassets in Resources */,
				DCB242032E4B76D2002E8BFE /* Main.storyboard in Resources */,
			);
			runOnlyForDeploymentPostprocessing = 0;
		};
/* End PBXResourcesBuildPhase section */

/* Begin PBXSourcesBuildPhase section */
		DCB241F42E4B76D2002E8BFE /* Sources */ = {
			isa = PBXSourcesBuildPhase;
			buildActionMask = 2147483647;
			files = (
				DCB242002E4B76D2002E8BFE /* ViewController.swift in Sources */,
				DCB241FC2E4B76D2002E8BFE /* AppDelegate.swift in Sources */,
				DCB242122E4B7B34002E8BFE /* HeartFillViewController.swift in Sources */,
				DCB241FE2E4B76D2002E8BFE /* SceneDelegate.swift in Sources */,
			);
			runOnlyForDeploymentPostprocessing = 0;
		};
/* End PBXSourcesBuildPhase section */

/* Begin PBXVariantGroup section */
		DCB242012E4B76D2002E8BFE /* Main.storyboard */ = {
			isa = PBXVariantGroup;
			children = (
				DCB242022E4B76D2002E8BFE /* Base */,
			);
			name = Main.storyboard;
			sourceTree = "<group>";
		};
		DCB242062E4B76D4002E8BFE /* LaunchScreen.storyboard */ = {
			isa = PBXVariantGroup;
			children = (
				DCB242072E4B76D4002E8BFE /* Base */,
			);
			name = LaunchScreen.storyboard;
			sourceTree = "<group>";
		};
/* End PBXVariantGroup section */

/* Begin XCBuildConfiguration section */
		DCB2420A2E4B76D4002E8BFE /* Debug */ = {
			isa = XCBuildConfiguration;
			buildSettings = {
				ALWAYS_SEARCH_USER_PATHS = NO;
				CLANG_ANALYZER_NONNULL = YES;
				CLANG_ANALYZER_NUMBER_OBJECT_CONVERSION = YES_AGGRESSIVE;
				CLANG_CXX_LANGUAGE_STANDARD = "gnu++20";
				CLANG_ENABLE_MODULES = YES;
				CLANG_ENABLE_OBJC_ARC = YES;
				CLANG_ENABLE_OBJC_WEAK = YES;
				CLANG_WARN_BLOCK_CAPTURE_AUTORELEASING = YES;
				CLANG_WARN_BOOL_CONVERSION = YES;
				CLANG_WARN_COMMA = YES;
				CLANG_WARN_CONSTANT_CONVERSION = YES;
				CLANG_WARN_DEPRECATED_OBJC_IMPLEMENTATIONS = YES;
				CLANG_WARN_DIRECT_OBJC_ISA_USAGE = YES_ERROR;
				CLANG_WARN_DOCUMENTATION_COMMENTS = YES;
				CLANG_WARN_EMPTY_BODY = YES;
				CLANG_WARN_ENUM_CONVERSION = YES;
				CLANG_WARN_INFINITE_RECURSION = YES;
				CLANG_WARN_INT_CONVERSION = YES;
				CLANG_WARN_NON_LITERAL_NULL_CONVERSION = YES;
				CLANG_WARN_OBJC_IMPLICIT_RETAIN_SELF = YES;
				CLANG_WARN_OBJC_LITERAL_CONVERSION = YES;
				CLANG_WARN_OBJC_ROOT_CLASS = YES_ERROR;
				CLANG_WARN_QUOTED_INCLUDE_IN_FRAMEWORK_HEADER = YES;
				CLANG_WARN_RANGE_LOOP_ANALYSIS = YES;
				CLANG_WARN_STRICT_PROTOTYPES = YES;
				CLANG_WARN_SUSPICIOUS_MOVE = YES;
				CLANG_WARN_UNGUARDED_AVAILABILITY = YES_AGGRESSIVE;
				CLANG_WARN_UNREACHABLE_CODE = YES;
				CLANG_WARN__DUPLICATE_METHOD_MATCH = YES;
				COPY_PHASE_STRIP = NO;
				DEBUG_INFORMATION_FORMAT = dwarf;
				ENABLE_STRICT_OBJC_MSGSEND = YES;
				ENABLE_TESTABILITY = YES;
				GCC_C_LANGUAGE_STANDARD = gnu11;
				GCC_DYNAMIC_NO_PIC = NO;
				GCC_NO_COMMON_BLOCKS = YES;
				GCC_OPTIMIZATION_LEVEL = 0;
				GCC_PREPROCESSOR_DEFINITIONS = (
					"DEBUG=1",
					"$(inherited)",
				);
				GCC_WARN_64_TO_32_BIT_CONVERSION = YES;
				GCC_WARN_ABOUT_RETURN_TYPE = YES_ERROR;
				GCC_WARN_UNDECLARED_SELECTOR = YES;
				GCC_WARN_UNINITIALIZED_AUTOS = YES_AGGRESSIVE;
				GCC_WARN_UNUSED_FUNCTION = YES;
				GCC_WARN_UNUSED_VARIABLE = YES;
				IPHONEOS_DEPLOYMENT_TARGET = 16.2;
				MTL_ENABLE_DEBUG_INFO = INCLUDE_SOURCE;
				MTL_FAST_MATH = YES;
				ONLY_ACTIVE_ARCH = YES;
				SDKROOT = iphoneos;
				SWIFT_ACTIVE_COMPILATION_CONDITIONS = DEBUG;
				SWIFT_OPTIMIZATION_LEVEL = "-Onone";
			};
			name = Debug;
		};
		DCB2420B2E4B76D4002E8BFE /* Release */ = {
			isa = XCBuildConfiguration;
			buildSettings = {
				ALWAYS_SEARCH_USER_PATHS = NO;
				CLANG_ANALYZER_NONNULL = YES;
				CLANG_ANALYZER_NUMBER_OBJECT_CONVERSION = YES_AGGRESSIVE;
				CLANG_CXX_LANGUAGE_STANDARD = "gnu++20";
				CLANG_ENABLE_MODULES = YES;
				CLANG_ENABLE_OBJC_ARC = YES;
				CLANG_ENABLE_OBJC_WEAK = YES;
				CLANG_WARN_BLOCK_CAPTURE_AUTORELEASING = YES;
				CLANG_WARN_BOOL_CONVERSION = YES;
				CLANG_WARN_COMMA = YES;
				CLANG_WARN_CONSTANT_CONVERSION = YES;
				CLANG_WARN_DEPRECATED_OBJC_IMPLEMENTATIONS = YES;
				CLANG_WARN_DIRECT_OBJC_ISA_USAGE = YES_ERROR;
				CLANG_WARN_DOCUMENTATION_COMMENTS = YES;
				CLANG_WARN_EMPTY_BODY = YES;
				CLANG_WARN_ENUM_CONVERSION = YES;
				CLANG_WARN_INFINITE_RECURSION = YES;
				CLANG_WARN_INT_CONVERSION = YES;
				CLANG_WARN_NON_LITERAL_NULL_CONVERSION = YES;
				CLANG_WARN_OBJC_IMPLICIT_RETAIN_SELF = YES;
				CLANG_WARN_OBJC_LITERAL_CONVERSION = YES;
				CLANG_WARN_OBJC_ROOT_CLASS = YES_ERROR;
				CLANG_WARN_QUOTED_INCLUDE_IN_FRAMEWORK_HEADER = YES;
				CLANG_WARN_RANGE_LOOP_ANALYSIS = YES;
				CLANG_WARN_STRICT_PROTOTYPES = YES;
				CLANG_WARN_SUSPICIOUS_MOVE = YES;
				CLANG_WARN_UNGUARDED_AVAILABILITY = YES_AGGRESSIVE;
				CLANG_WARN_UNREACHABLE_CODE = YES;
				CLANG_WARN__DUPLICATE_METHOD_MATCH = YES;
				COPY_PHASE_STRIP = NO;
				DEBUG_INFORMATION_FORMAT = "dwarf-with-dsym";
				ENABLE_NS_ASSERTIONS = NO;
				ENABLE_STRICT_OBJC_MSGSEND = YES;
				GCC_C_LANGUAGE_STANDARD = gnu11;
				GCC_NO_COMMON_BLOCKS = YES;
				GCC_WARN_64_TO_32_BIT_CONVERSION = YES;
				GCC_WARN_ABOUT_RETURN_TYPE = YES_ERROR;
				GCC_WARN_UNDECLARED_SELECTOR = YES;
				GCC_WARN_UNINITIALIZED_AUTOS = YES_AGGRESSIVE;
				GCC_WARN_UNUSED_FUNCTION = YES;
				GCC_WARN_UNUSED_VARIABLE = YES;
				IPHONEOS_DEPLOYMENT_TARGET = 16.2;
				MTL_ENABLE_DEBUG_INFO = NO;
				MTL_FAST_MATH = YES;
				SDKROOT = iphoneos;
				SWIFT_COMPILATION_MODE = wholemodule;
				SWIFT_OPTIMIZATION_LEVEL = "-O";
				VALIDATE_PRODUCT = YES;
			};
			name = Release;
		};
		DCB2420D2E4B76D4002E8BFE /* Debug */ = {
			isa = XCBuildConfiguration;
			buildSettings = {
				ASSETCATALOG_COMPILER_APPICON_NAME = AppIcon;
				ASSETCATALOG_COMPILER_GLOBAL_ACCENT_COLOR_NAME = AccentColor;
				CODE_SIGN_STYLE = Automatic;
				CURRENT_PROJECT_VERSION = 1;
				GENERATE_INFOPLIST_FILE = YES;
				INFOPLIST_FILE = tiktok_3A/Info.plist;
				INFOPLIST_KEY_UIApplicationSupportsIndirectInputEvents = YES;
				INFOPLIST_KEY_UILaunchStoryboardName = LaunchScreen;
				INFOPLIST_KEY_UIMainStoryboardFile = Main;
				INFOPLIST_KEY_UISupportedInterfaceOrientations_iPad = "UIInterfaceOrientationPortrait UIInterfaceOrientationPortraitUpsideDown UIInterfaceOrientationLandscapeLeft UIInterfaceOrientationLandscapeRight";
				INFOPLIST_KEY_UISupportedInterfaceOrientations_iPhone = "UIInterfaceOrientationPortrait UIInterfaceOrientationLandscapeLeft UIInterfaceOrientationLandscapeRight";
				LD_RUNPATH_SEARCH_PATHS = (
					"$(inherited)",
					"@executable_path/Frameworks",
				);
				MARKETING_VERSION = 1.0;
				PRODUCT_BUNDLE_IDENTIFIER = "cotemig.tiktok-3A";
				PRODUCT_NAME = "$(TARGET_NAME)";
				SWIFT_EMIT_LOC_STRINGS = YES;
				SWIFT_VERSION = 5.0;
				TARGETED_DEVICE_FAMILY = "1,2";
			};
			name = Debug;
		};
		DCB2420E2E4B76D4002E8BFE /* Release */ = {
			isa = XCBuildConfiguration;
			buildSettings = {
				ASSETCATALOG_COMPILER_APPICON_NAME = AppIcon;
				ASSETCATALOG_COMPILER_GLOBAL_ACCENT_COLOR_NAME = AccentColor;
				CODE_SIGN_STYLE = Automatic;
				CURRENT_PROJECT_VERSION = 1;
				GENERATE_INFOPLIST_FILE = YES;
				INFOPLIST_FILE = tiktok_3A/Info.plist;
				INFOPLIST_KEY_UIApplicationSupportsIndirectInputEvents = YES;
				INFOPLIST_KEY_UILaunchStoryboardName = LaunchScreen;
				INFOPLIST_KEY_UIMainStoryboardFile = Main;
				INFOPLIST_KEY_UISupportedInterfaceOrientations_iPad = "UIInterfaceOrientationPortrait UIInterfaceOrientationPortraitUpsideDown UIInterfaceOrientationLandscapeLeft UIInterfaceOrientationLandscapeRight";
				INFOPLIST_KEY_UISupportedInterfaceOrientations_iPhone = "UIInterfaceOrientationPortrait UIInterfaceOrientationLandscapeLeft UIInterfaceOrientationLandscapeRight";
				LD_RUNPATH_SEARCH_PATHS = (
					"$(inherited)",
					"@executable_path/Frameworks",
				);
				MARKETING_VERSION = 1.0;
				PRODUCT_BUNDLE_IDENTIFIER = "cotemig.tiktok-3A";
				PRODUCT_NAME = "$(TARGET_NAME)";
				SWIFT_EMIT_LOC_STRINGS = YES;
				SWIFT_VERSION = 5.0;
				TARGETED_DEVICE_FAMILY = "1,2";
			};
			name = Release;
		};
/* End XCBuildConfiguration section */

/* Begin XCConfigurationList section */
		DCB241F32E4B76D2002E8BFE /* Build configuration list for PBXProject "tiktok_3A" */ = {
			isa = XCConfigurationList;
			buildConfigurations = (
				DCB2420A2E4B76D4002E8BFE /* Debug */,
				DCB2420B2E4B76D4002E8BFE /* Release */,
			);
			defaultConfigurationIsVisible = 0;
			defaultConfigurationName = Release;
		};
		DCB2420C2E4B76D4002E8BFE /* Build configuration list for PBXNativeTarget "tiktok_3A" */ = {
			isa = XCConfigurationList;
			buildConfigurations = (
				DCB2420D2E4B76D4002E8BFE /* Debug */,
				DCB2420E2E4B76D4002E8BFE /* Release */,
			);
			defaultConfigurationIsVisible = 0;
			defaultConfigurationName = Release;
		};
/* End XCConfigurationList section */
	};
	rootObject = DCB241F02E4B76D2002E8BFE /* Project object */;
}
